
Microsoft Visual Studio Solution File, Format Version 12.00
# Visual Studio 14
VisualStudioVersion = 14.0.25420.1
MinimumVisualStudioVersion = 10.0.40219.1
Project("{FAE04EC0-301F-11D3-BF4B-00C04F79EFBC}") = "Mask", "ConsoleApplication1\Mask.csproj", "{EE8F87F2-627F-4C3F-ACF5-1E38D857EEBF}"
EndProject
Project("{FAE04EC0-301F-11D3-BF4B-00C04F79EFBC}") = "Sword", "Sword\Sword.csproj", "{059E4027-44CE-4F67-B734-5A6C587973E7}"
EndProject
Global
	GlobalSection(SolutionConfigurationPlatforms) = preSolution
		Debug|Any CPU = Debug|Any CPU
		Release|Any CPU = Release|Any CPU
	EndGlobalSection
	GlobalSection(ProjectConfigurationPlatforms) = postSolution
		{EE8F87F2-627F-4C3F-ACF5-1E38D857EEBF}.Debug|Any CPU.ActiveCfg = Debug|Any CPU
		{EE8F87F2-627F-4C3F-ACF5-1E38D857EEBF}.Debug|Any CPU.Build.0 = Debug|Any CPU
		{EE8F87F2-627F-4C3F-ACF5-1E38D857EEBF}.Release|Any CPU.ActiveCfg = Release|Any CPU
		{EE8F87F2-627F-4C3F-ACF5-1E38D857EEBF}.Release|Any CPU.Build.0 = Release|Any CPU
		{059E4027-44CE-4F67-B734-5A6C587973E7}.Debug|Any CPU.ActiveCfg = Debug|Any CPU
		{059E4027-44CE-4F67-B734-5A6C587973E7}.Debug|Any CPU.Build.0 = Debug|Any CPU
		{059E4027-44CE-4F67-B734-5A6C587973E7}.Release|Any CPU.ActiveCfg = Release|Any CPU
		{059E4027-44CE-4F67-B734-5A6C587973E7}.Release|Any CPU.Build.0 = Release|Any CPU
	EndGlobalSection
	GlobalSection(SolutionProperties) = preSolution
		HideSolutionNode = FALSE
	EndGlobalSection
EndGlobal
