
Microsoft Visual Studio Solution File, Format Version 12.00
# Visual Studio 14
VisualStudioVersion = 14.0.25420.1
MinimumVisualStudioVersion = 10.0.40219.1
Project("{FAE04EC0-301F-11D3-BF4B-00C04F79EFBC}") = "P1.ExcellentResult", "P1.ExcellentResult\P1.ExcellentResult.csproj", "{EF77672F-6D2E-4340-8F2C-F6AA4408D327}"
EndProject
Project("{FAE04EC0-301F-11D3-BF4B-00C04F79EFBC}") = "P2.ExcellentOrNot", "P2.ExcellentOrNot\P2.ExcellentOrNot.csproj", "{CE6CE336-15B5-49EF-9C33-2EAD1049EFC9}"
EndProject
Project("{FAE04EC0-301F-11D3-BF4B-00C04F79EFBC}") = "P3.EvenOrOdd", "P3.EvenOrOdd\P3.EvenOrOdd.csproj", "{291AA92D-7B1E-4D20-BFF8-E0E8F273AA18}"
EndProject
Project("{FAE04EC0-301F-11D3-BF4B-00C04F79EFBC}") = "P4.GreaterNumber", "P4.GreaterNumber\P4.GreaterNumber.csproj", "{3774DF18-108F-422B-95DA-392C1168EDEF}"
EndProject
Project("{FAE04EC0-301F-11D3-BF4B-00C04F79EFBC}") = "P5.Number1To9Text", "P5.Number1To9Text\P5.Number1To9Text.csproj", "{E6D16AE1-C5D5-4364-A781-4F3BE6C019D8}"
EndProject
Project("{FAE04EC0-301F-11D3-BF4B-00C04F79EFBC}") = "P6.BonusScore", "P6.BonusScore\P6.BonusScore.csproj", "{E6A7C2B6-ED41-4E6B-915D-C67F104C95E4}"
EndProject
Project("{FAE04EC0-301F-11D3-BF4B-00C04F79EFBC}") = "P7.SumSecond", "P7.SumSecond\P7.SumSecond.csproj", "{090AF80D-185B-494B-AE9E-AC821A8DD70F}"
EndProject
Project("{FAE04EC0-301F-11D3-BF4B-00C04F79EFBC}") = "P9.PasswordGues", "P9.PasswordGues\P9.PasswordGues.csproj", "{AFB9FF3C-21E0-4A84-910A-73E2A8E66348}"
EndProject
Project("{FAE04EC0-301F-11D3-BF4B-00C04F79EFBC}") = "P10.Number100TO200", "P10.Number100TO200\P10.Number100TO200.csproj", "{4C2EC68F-1A27-41E8-BD74-5CA8FB431236}"
EndProject
Project("{FAE04EC0-301F-11D3-BF4B-00C04F79EFBC}") = "P11.EqualWords", "P11.EqualWords\P11.EqualWords.csproj", "{25448486-A890-43CF-8B81-B76DE1388F21}"
EndProject
Project("{FAE04EC0-301F-11D3-BF4B-00C04F79EFBC}") = "P12.SpeedInfo", "P12.SpeedInfo\P12.SpeedInfo.csproj", "{CAF139CC-9DB1-4853-B9FA-BD8055E5B4EE}"
EndProject
Project("{FAE04EC0-301F-11D3-BF4B-00C04F79EFBC}") = "P13.AreaOfFigures", "P13.AreaOfFigures\P13.AreaOfFigures.csproj", "{200446B6-9816-4DB5-836E-7DA09F86B57E}"
EndProject
Project("{FAE04EC0-301F-11D3-BF4B-00C04F79EFBC}") = "P14.TimePlus15Minutes", "P14.TimePlus15Minutes\P14.TimePlus15Minutes.csproj", "{70968172-BD59-4EE5-B06D-F1995DD26471}"
EndProject
Project("{FAE04EC0-301F-11D3-BF4B-00C04F79EFBC}") = "P15.ThreeEqualsNumbers", "P15.ThreeEqualsNumbers\P15.ThreeEqualsNumbers.csproj", "{E4E7F4D6-740F-4AB0-99E6-C227288730E8}"
EndProject
Project("{FAE04EC0-301F-11D3-BF4B-00C04F79EFBC}") = "P16.Number0To100Text", "P16.Number0To100Text\P16.Number0To100Text.csproj", "{499B7AFC-5AB9-4465-AED9-70F0FADE5623}"
EndProject
Project("{FAE04EC0-301F-11D3-BF4B-00C04F79EFBC}") = "probno", "probno\probno.csproj", "{33DC28CE-F351-4837-B8CD-4F2378B205C3}"
EndProject
Project("{FAE04EC0-301F-11D3-BF4B-00C04F79EFBC}") = "Exam01.TransportPrice", "Exam01.TransportPrice\Exam01.TransportPrice.csproj", "{CFF2503F-4C6E-4273-919B-73FD722E0B30}"
EndProject
Project("{FAE04EC0-301F-11D3-BF4B-00C04F79EFBC}") = "Exam02.PipeInPool", "Exam02.VetetableShop\Exam02.PipeInPool.csproj", "{E9DA6BF7-537F-4331-8696-D72FD2A9F2F7}"
EndProject
Project("{FAE04EC0-301F-11D3-BF4B-00C04F79EFBC}") = "Exam03.SleepyCatTom", "Exam03.SleepyCatTom\Exam03.SleepyCatTom.csproj", "{3CD4F8C1-DC9A-4DAF-862D-0C4E5A2BD1BB}"
EndProject
Project("{FAE04EC0-301F-11D3-BF4B-00C04F79EFBC}") = "Exam04.Harvest", "Exam04.Harvest\Exam04.Harvest.csproj", "{E8ECC0B8-FB7B-4BE3-B6FF-72C32FEA73E7}"
EndProject
Global
	GlobalSection(SolutionConfigurationPlatforms) = preSolution
		Debug|Any CPU = Debug|Any CPU
		Release|Any CPU = Release|Any CPU
	EndGlobalSection
	GlobalSection(ProjectConfigurationPlatforms) = postSolution
		{EF77672F-6D2E-4340-8F2C-F6AA4408D327}.Debug|Any CPU.ActiveCfg = Debug|Any CPU
		{EF77672F-6D2E-4340-8F2C-F6AA4408D327}.Debug|Any CPU.Build.0 = Debug|Any CPU
		{EF77672F-6D2E-4340-8F2C-F6AA4408D327}.Release|Any CPU.ActiveCfg = Release|Any CPU
		{EF77672F-6D2E-4340-8F2C-F6AA4408D327}.Release|Any CPU.Build.0 = Release|Any CPU
		{CE6CE336-15B5-49EF-9C33-2EAD1049EFC9}.Debug|Any CPU.ActiveCfg = Debug|Any CPU
		{CE6CE336-15B5-49EF-9C33-2EAD1049EFC9}.Debug|Any CPU.Build.0 = Debug|Any CPU
		{CE6CE336-15B5-49EF-9C33-2EAD1049EFC9}.Release|Any CPU.ActiveCfg = Release|Any CPU
		{CE6CE336-15B5-49EF-9C33-2EAD1049EFC9}.Release|Any CPU.Build.0 = Release|Any CPU
		{291AA92D-7B1E-4D20-BFF8-E0E8F273AA18}.Debug|Any CPU.ActiveCfg = Debug|Any CPU
		{291AA92D-7B1E-4D20-BFF8-E0E8F273AA18}.Debug|Any CPU.Build.0 = Debug|Any CPU
		{291AA92D-7B1E-4D20-BFF8-E0E8F273AA18}.Release|Any CPU.ActiveCfg = Release|Any CPU
		{291AA92D-7B1E-4D20-BFF8-E0E8F273AA18}.Release|Any CPU.Build.0 = Release|Any CPU
		{3774DF18-108F-422B-95DA-392C1168EDEF}.Debug|Any CPU.ActiveCfg = Debug|Any CPU
		{3774DF18-108F-422B-95DA-392C1168EDEF}.Debug|Any CPU.Build.0 = Debug|Any CPU
		{3774DF18-108F-422B-95DA-392C1168EDEF}.Release|Any CPU.ActiveCfg = Release|Any CPU
		{3774DF18-108F-422B-95DA-392C1168EDEF}.Release|Any CPU.Build.0 = Release|Any CPU
		{E6D16AE1-C5D5-4364-A781-4F3BE6C019D8}.Debug|Any CPU.ActiveCfg = Debug|Any CPU
		{E6D16AE1-C5D5-4364-A781-4F3BE6C019D8}.Debug|Any CPU.Build.0 = Debug|Any CPU
		{E6D16AE1-C5D5-4364-A781-4F3BE6C019D8}.Release|Any CPU.ActiveCfg = Release|Any CPU
		{E6D16AE1-C5D5-4364-A781-4F3BE6C019D8}.Release|Any CPU.Build.0 = Release|Any CPU
		{E6A7C2B6-ED41-4E6B-915D-C67F104C95E4}.Debug|Any CPU.ActiveCfg = Debug|Any CPU
		{E6A7C2B6-ED41-4E6B-915D-C67F104C95E4}.Debug|Any CPU.Build.0 = Debug|Any CPU
		{E6A7C2B6-ED41-4E6B-915D-C67F104C95E4}.Release|Any CPU.ActiveCfg = Release|Any CPU
		{E6A7C2B6-ED41-4E6B-915D-C67F104C95E4}.Release|Any CPU.Build.0 = Release|Any CPU
		{090AF80D-185B-494B-AE9E-AC821A8DD70F}.Debug|Any CPU.ActiveCfg = Debug|Any CPU
		{090AF80D-185B-494B-AE9E-AC821A8DD70F}.Debug|Any CPU.Build.0 = Debug|Any CPU
		{090AF80D-185B-494B-AE9E-AC821A8DD70F}.Release|Any CPU.ActiveCfg = Release|Any CPU
		{090AF80D-185B-494B-AE9E-AC821A8DD70F}.Release|Any CPU.Build.0 = Release|Any CPU
		{AFB9FF3C-21E0-4A84-910A-73E2A8E66348}.Debug|Any CPU.ActiveCfg = Debug|Any CPU
		{AFB9FF3C-21E0-4A84-910A-73E2A8E66348}.Debug|Any CPU.Build.0 = Debug|Any CPU
		{AFB9FF3C-21E0-4A84-910A-73E2A8E66348}.Release|Any CPU.ActiveCfg = Release|Any CPU
		{AFB9FF3C-21E0-4A84-910A-73E2A8E66348}.Release|Any CPU.Build.0 = Release|Any CPU
		{4C2EC68F-1A27-41E8-BD74-5CA8FB431236}.Debug|Any CPU.ActiveCfg = Debug|Any CPU
		{4C2EC68F-1A27-41E8-BD74-5CA8FB431236}.Debug|Any CPU.Build.0 = Debug|Any CPU
		{4C2EC68F-1A27-41E8-BD74-5CA8FB431236}.Release|Any CPU.ActiveCfg = Release|Any CPU
		{4C2EC68F-1A27-41E8-BD74-5CA8FB431236}.Release|Any CPU.Build.0 = Release|Any CPU
		{25448486-A890-43CF-8B81-B76DE1388F21}.Debug|Any CPU.ActiveCfg = Debug|Any CPU
		{25448486-A890-43CF-8B81-B76DE1388F21}.Debug|Any CPU.Build.0 = Debug|Any CPU
		{25448486-A890-43CF-8B81-B76DE1388F21}.Release|Any CPU.ActiveCfg = Release|Any CPU
		{25448486-A890-43CF-8B81-B76DE1388F21}.Release|Any CPU.Build.0 = Release|Any CPU
		{CAF139CC-9DB1-4853-B9FA-BD8055E5B4EE}.Debug|Any CPU.ActiveCfg = Debug|Any CPU
		{CAF139CC-9DB1-4853-B9FA-BD8055E5B4EE}.Debug|Any CPU.Build.0 = Debug|Any CPU
		{CAF139CC-9DB1-4853-B9FA-BD8055E5B4EE}.Release|Any CPU.ActiveCfg = Release|Any CPU
		{CAF139CC-9DB1-4853-B9FA-BD8055E5B4EE}.Release|Any CPU.Build.0 = Release|Any CPU
		{200446B6-9816-4DB5-836E-7DA09F86B57E}.Debug|Any CPU.ActiveCfg = Debug|Any CPU
		{200446B6-9816-4DB5-836E-7DA09F86B57E}.Debug|Any CPU.Build.0 = Debug|Any CPU
		{200446B6-9816-4DB5-836E-7DA09F86B57E}.Release|Any CPU.ActiveCfg = Release|Any CPU
		{200446B6-9816-4DB5-836E-7DA09F86B57E}.Release|Any CPU.Build.0 = Release|Any CPU
		{70968172-BD59-4EE5-B06D-F1995DD26471}.Debug|Any CPU.ActiveCfg = Debug|Any CPU
		{70968172-BD59-4EE5-B06D-F1995DD26471}.Debug|Any CPU.Build.0 = Debug|Any CPU
		{70968172-BD59-4EE5-B06D-F1995DD26471}.Release|Any CPU.ActiveCfg = Release|Any CPU
		{70968172-BD59-4EE5-B06D-F1995DD26471}.Release|Any CPU.Build.0 = Release|Any CPU
		{E4E7F4D6-740F-4AB0-99E6-C227288730E8}.Debug|Any CPU.ActiveCfg = Debug|Any CPU
		{E4E7F4D6-740F-4AB0-99E6-C227288730E8}.Debug|Any CPU.Build.0 = Debug|Any CPU
		{E4E7F4D6-740F-4AB0-99E6-C227288730E8}.Release|Any CPU.ActiveCfg = Release|Any CPU
		{E4E7F4D6-740F-4AB0-99E6-C227288730E8}.Release|Any CPU.Build.0 = Release|Any CPU
		{499B7AFC-5AB9-4465-AED9-70F0FADE5623}.Debug|Any CPU.ActiveCfg = Debug|Any CPU
		{499B7AFC-5AB9-4465-AED9-70F0FADE5623}.Debug|Any CPU.Build.0 = Debug|Any CPU
		{499B7AFC-5AB9-4465-AED9-70F0FADE5623}.Release|Any CPU.ActiveCfg = Release|Any CPU
		{499B7AFC-5AB9-4465-AED9-70F0FADE5623}.Release|Any CPU.Build.0 = Release|Any CPU
		{33DC28CE-F351-4837-B8CD-4F2378B205C3}.Debug|Any CPU.ActiveCfg = Debug|Any CPU
		{33DC28CE-F351-4837-B8CD-4F2378B205C3}.Debug|Any CPU.Build.0 = Debug|Any CPU
		{33DC28CE-F351-4837-B8CD-4F2378B205C3}.Release|Any CPU.ActiveCfg = Release|Any CPU
		{33DC28CE-F351-4837-B8CD-4F2378B205C3}.Release|Any CPU.Build.0 = Release|Any CPU
		{CFF2503F-4C6E-4273-919B-73FD722E0B30}.Debug|Any CPU.ActiveCfg = Debug|Any CPU
		{CFF2503F-4C6E-4273-919B-73FD722E0B30}.Debug|Any CPU.Build.0 = Debug|Any CPU
		{CFF2503F-4C6E-4273-919B-73FD722E0B30}.Release|Any CPU.ActiveCfg = Release|Any CPU
		{CFF2503F-4C6E-4273-919B-73FD722E0B30}.Release|Any CPU.Build.0 = Release|Any CPU
		{E9DA6BF7-537F-4331-8696-D72FD2A9F2F7}.Debug|Any CPU.ActiveCfg = Debug|Any CPU
		{E9DA6BF7-537F-4331-8696-D72FD2A9F2F7}.Debug|Any CPU.Build.0 = Debug|Any CPU
		{E9DA6BF7-537F-4331-8696-D72FD2A9F2F7}.Release|Any CPU.ActiveCfg = Release|Any CPU
		{E9DA6BF7-537F-4331-8696-D72FD2A9F2F7}.Release|Any CPU.Build.0 = Release|Any CPU
		{3CD4F8C1-DC9A-4DAF-862D-0C4E5A2BD1BB}.Debug|Any CPU.ActiveCfg = Debug|Any CPU
		{3CD4F8C1-DC9A-4DAF-862D-0C4E5A2BD1BB}.Debug|Any CPU.Build.0 = Debug|Any CPU
		{3CD4F8C1-DC9A-4DAF-862D-0C4E5A2BD1BB}.Release|Any CPU.ActiveCfg = Release|Any CPU
		{3CD4F8C1-DC9A-4DAF-862D-0C4E5A2BD1BB}.Release|Any CPU.Build.0 = Release|Any CPU
		{E8ECC0B8-FB7B-4BE3-B6FF-72C32FEA73E7}.Debug|Any CPU.ActiveCfg = Debug|Any CPU
		{E8ECC0B8-FB7B-4BE3-B6FF-72C32FEA73E7}.Debug|Any CPU.Build.0 = Debug|Any CPU
		{E8ECC0B8-FB7B-4BE3-B6FF-72C32FEA73E7}.Release|Any CPU.ActiveCfg = Release|Any CPU
		{E8ECC0B8-FB7B-4BE3-B6FF-72C32FEA73E7}.Release|Any CPU.Build.0 = Release|Any CPU
	EndGlobalSection
	GlobalSection(SolutionProperties) = preSolution
		HideSolutionNode = FALSE
	EndGlobalSection
EndGlobal
